# THIS IS AN AUTOGENERATED FILE. DO NOT EDIT THIS FILE DIRECTLY.
# yarn lockfile v1


"@ffprobe-installer/darwin-x64@4.1.0":
  version "4.1.0"
  resolved "https://registry.npm.taobao.org/@ffprobe-installer/darwin-x64/download/@ffprobe-installer/darwin-x64-4.1.0.tgz#025c5108faf3e456e6a407dd65b798f8dcc805dd"
  integrity sha1-AlxRCPrz5FbmpAfdZbeY+NzIBd0=

"@ffprobe-installer/ffprobe@^1.0.12", "@ffprobe-installer/ffprobe@^1.1.0":
  version "1.1.0"
  resolved "https://registry.npm.taobao.org/@ffprobe-installer/ffprobe/download/@ffprobe-installer/ffprobe-1.1.0.tgz#a2f6fbd383f90d9359dc6c0552dca9793a884b3c"
  integrity sha1-ovb704P5DZNZ3GwFUtypeTqISzw=
  optionalDependencies:
    "@ffprobe-installer/darwin-x64" "4.1.0"
    "@ffprobe-installer/linux-arm" "4.3.2"
    "@ffprobe-installer/linux-arm64" "4.3.2"
    "@ffprobe-installer/linux-ia32" "4.1.0"
    "@ffprobe-installer/linux-x64" "4.1.0"
    "@ffprobe-installer/win32-ia32" "4.1.0"
    "@ffprobe-installer/win32-x64" "4.1.0"

"@ffprobe-installer/linux-arm64@4.3.2":
  version "4.3.2"
  resolved "https://registry.npm.taobao.org/@ffprobe-installer/linux-arm64/download/@ffprobe-installer/linux-arm64-4.3.2.tgz#a64ed27672d55460bdea59bc63da0cf3731f19e8"
  integrity sha1-pk7SdnLVVGC96lm8Y9oM83MfGeg=

"@ffprobe-installer/linux-arm@4.3.2":
  version "4.3.2"
  resolved "https://registry.npm.taobao.org/@ffprobe-installer/linux-arm/download/@ffprobe-installer/linux-arm-4.3.2.tgz#09347e67539544168d9815486cd543c3e88cba29"
  integrity sha1-CTR+Z1OVRBaNmBVIbNVDw+iMuik=

"@ffprobe-installer/linux-ia32@4.1.0":
  version "4.1.0"
  resolved "https://registry.npm.taobao.org/@ffprobe-installer/linux-ia32/download/@ffprobe-installer/linux-ia32-4.1.0.tgz#50b5952927b8b1bc42c3f2edd788b995e8470d17"
  integrity sha1-ULWVKSe4sbxCw/Lt14i5lehHDRc=

"@ffprobe-installer/linux-x64@4.1.0":
  version "4.1.0"
  resolved "https://registry.npm.taobao.org/@ffprobe-installer/linux-x64/download/@ffprobe-installer/linux-x64-4.1.0.tgz#b67c96748457677171ca31b0fb83e4bd3c644ab5"
  integrity sha1-tnyWdIRXZ3FxyjGw+4PkvTxkSrU=

"@ffprobe-installer/win32-ia32@4.1.0":
  version "4.1.0"
  resolved "https://registry.npm.taobao.org/@ffprobe-installer/win32-ia32/download/@ffprobe-installer/win32-ia32-4.1.0.tgz#19cc6d1043f7e54c2764ada6af8f7f26f98bbad8"
  integrity sha1-GcxtEEP35UwnZK2mr49/JvmLutg=

"@ffprobe-installer/win32-x64@4.1.0":
  version "4.1.0"
  resolved "https://registry.npm.taobao.org/@ffprobe-installer/win32-x64/download/@ffprobe-installer/win32-x64-4.1.0.tgz#ed3e8a329eeb6c0625ac439e31ad9ec43001b33c"
  integrity sha1-7T6KMp7rbAYlrEOeMa2exDABszw=

axios@^0.21.1:
  version "0.21.1"
  resolved "https://registry.npm.taobao.org/axios/download/axios-0.21.1.tgz?cache=0&sync_timestamp=1608609294136&other_urls=https%3A%2F%2Fregistry.npm.taobao.org%2Faxios%2Fdownload%2Faxios-0.21.1.tgz#22563481962f4d6bde9a76d516ef0e5d3c09b2b8"
  integrity sha1-IlY0gZYvTWvemnbVFu8OXTwJsrg=
  dependencies:
    follow-redirects "^1.10.0"

cross-spawn@^7.0.0:
  version "7.0.3"
  resolved "https://registry.npm.taobao.org/cross-spawn/download/cross-spawn-7.0.3.tgz#f73a85b9d5d41d045551c177e2882d4ac85728a6"
  integrity sha1-9zqFudXUHQRVUcF34ogtSshXKKY=
  dependencies:
    path-key "^3.1.0"
    shebang-command "^2.0.0"
    which "^2.0.1"

end-of-stream@^1.1.0:
  version "1.4.4"
  resolved "https://registry.npm.taobao.org/end-of-stream/download/end-of-stream-1.4.4.tgz#5ae64a5f45057baf3626ec14da0ca5e4b2431eb0"
  integrity sha1-WuZKX0UFe682JuwU2gyl5LJDHrA=
  dependencies:
    once "^1.4.0"

execa@^4.0.0, execa@^4.0.2:
  version "4.1.0"
  resolved "https://registry.npm.taobao.org/execa/download/execa-4.1.0.tgz#4e5491ad1572f2f17a77d388c6c857135b22847a"
  integrity sha1-TlSRrRVy8vF6d9OIxshXE1sihHo=
  dependencies:
    cross-spawn "^7.0.0"
    get-stream "^5.0.0"
    human-signals "^1.1.1"
    is-stream "^2.0.0"
    merge-stream "^2.0.0"
    npm-run-path "^4.0.0"
    onetime "^5.1.0"
    signal-exit "^3.0.2"
    strip-final-newline "^2.0.0"

follow-redirects@^1.10.0:
  version "1.13.1"
  resolved "https://registry.npm.taobao.org/follow-redirects/download/follow-redirects-1.13.1.tgz?cache=0&sync_timestamp=1607916915121&other_urls=https%3A%2F%2Fregistry.npm.taobao.org%2Ffollow-redirects%2Fdownload%2Ffollow-redirects-1.13.1.tgz#5f69b813376cee4fd0474a3aba835df04ab763b7"
  integrity sha1-X2m4Ezds7k/QR0o6uoNd8Eq3Y7c=

get-audio-duration@^2.0.2:
  version "2.0.2"
  resolved "https://registry.npm.taobao.org/get-audio-duration/download/get-audio-duration-2.0.2.tgz#4902bfedf5a0b15cab58f4c2020b8bc59cb84735"
  integrity sha1-SQK/7fWgsVyrWPTCAguLxZy4RzU=
  dependencies:
    "@ffprobe-installer/ffprobe" "^1.0.12"
    execa "^4.0.2"
    is-stream "^2.0.0"

get-stream@^5.0.0:
  version "5.2.0"
  resolved "https://registry.npm.taobao.org/get-stream/download/get-stream-5.2.0.tgz#4966a1795ee5ace65e706c4b7beb71257d6e22d3"
  integrity sha1-SWaheV7lrOZecGxLe+txJX1uItM=
  dependencies:
    pump "^3.0.0"

get-video-duration@^3.0.2:
  version "3.0.2"
  resolved "https://registry.npm.taobao.org/get-video-duration/download/get-video-duration-3.0.2.tgz#034898cca18bec5fee2705d0d7bee2a4841fed0a"
  integrity sha1-A0iYzKGL7F/uJwXQ177ipIQf7Qo=
  dependencies:
    "@ffprobe-installer/ffprobe" "^1.1.0"
    execa "^4.0.0"
    is-stream "^2.0.0"

human-signals@^1.1.1:
  version "1.1.1"
  resolved "https://registry.npm.taobao.org/human-signals/download/human-signals-1.1.1.tgz#c5b1cd14f50aeae09ab6c59fe63ba3395fe4dfa3"
  integrity sha1-xbHNFPUK6uCatsWf5jujOV/k36M=

is-stream@^2.0.0:
  version "2.0.0"
  resolved "https://registry.npm.taobao.org/is-stream/download/is-stream-2.0.0.tgz#bde9c32680d6fae04129d6ac9d921ce7815f78e3"
  integrity sha1-venDJoDW+uBBKdasnZIc54FfeOM=

isexe@^2.0.0:
  version "2.0.0"
  resolved "https://registry.npm.taobao.org/isexe/download/isexe-2.0.0.tgz?cache=0&sync_timestamp=1589682812472&other_urls=https%3A%2F%2Fregistry.npm.taobao.org%2Fisexe%2Fdownload%2Fisexe-2.0.0.tgz#e8fbf374dc556ff8947a10dcb0572d633f2cfa10"
  integrity sha1-6PvzdNxVb/iUehDcsFctYz8s+hA=

merge-stream@^2.0.0:
  version "2.0.0"
  resolved "https://registry.npm.taobao.org/merge-stream/download/merge-stream-2.0.0.tgz#52823629a14dd00c9770fb6ad47dc6310f2c1f60"
  integrity sha1-UoI2KaFN0AyXcPtq1H3GMQ8sH2A=

mimic-fn@^2.1.0:
  version "2.1.0"
  resolved "https://registry.npm.taobao.org/mimic-fn/download/mimic-fn-2.1.0.tgz?cache=0&sync_timestamp=1596094012686&other_urls=https%3A%2F%2Fregistry.npm.taobao.org%2Fmimic-fn%2Fdownload%2Fmimic-fn-2.1.0.tgz#7ed2c2ccccaf84d3ffcb7a69b57711fc2083401b"
  integrity sha1-ftLCzMyvhNP/y3pptXcR/CCDQBs=

npm-run-path@^4.0.0:
  version "4.0.1"
  resolved "https://registry.npm.taobao.org/npm-run-path/download/npm-run-path-4.0.1.tgz#b7ecd1e5ed53da8e37a55e1c2269e0b97ed748ea"
  integrity sha1-t+zR5e1T2o43pV4cImnguX7XSOo=
  dependencies:
    path-key "^3.0.0"

once@^1.3.1, once@^1.4.0:
  version "1.4.0"
  resolved "https://registry.npm.taobao.org/once/download/once-1.4.0.tgz#583b1aa775961d4b113ac17d9c50baef9dd76bd1"
  integrity sha1-WDsap3WWHUsROsF9nFC6753Xa9E=
  dependencies:
    wrappy "1"

onetime@^5.1.0:
  version "5.1.2"
  resolved "https://registry.npm.taobao.org/onetime/download/onetime-5.1.2.tgz?cache=0&sync_timestamp=1597003654288&other_urls=https%3A%2F%2Fregistry.npm.taobao.org%2Fonetime%2Fdownload%2Fonetime-5.1.2.tgz#d0e96ebb56b07476df1dd9c4806e5237985ca45e"
  integrity sha1-0Oluu1awdHbfHdnEgG5SN5hcpF4=
  dependencies:
    mimic-fn "^2.1.0"

path-key@^3.0.0, path-key@^3.1.0:
  version "3.1.1"
  resolved "https://registry.npm.taobao.org/path-key/download/path-key-3.1.1.tgz#581f6ade658cbba65a0d3380de7753295054f375"
  integrity sha1-WB9q3mWMu6ZaDTOA3ndTKVBU83U=

pump@^3.0.0:
  version "3.0.0"
  resolved "https://registry.npm.taobao.org/pump/download/pump-3.0.0.tgz#b4a2116815bde2f4e1ea602354e8c75565107a64"
  integrity sha1-tKIRaBW94vTh6mAjVOjHVWUQemQ=
  dependencies:
    end-of-stream "^1.1.0"
    once "^1.3.1"

shebang-command@^2.0.0:
  version "2.0.0"
  resolved "https://registry.npm.taobao.org/shebang-command/download/shebang-command-2.0.0.tgz#ccd0af4f8835fbdc265b82461aaf0c36663f34ea"
  integrity sha1-zNCvT4g1+9wmW4JGGq8MNmY/NOo=
  dependencies:
    shebang-regex "^3.0.0"

shebang-regex@^3.0.0:
  version "3.0.0"
  resolved "https://registry.npm.taobao.org/shebang-regex/download/shebang-regex-3.0.0.tgz#ae16f1644d873ecad843b0307b143362d4c42172"
  integrity sha1-rhbxZE2HPsrYQ7AwexQzYtTEIXI=

signal-exit@^3.0.2:
  version "3.0.3"
  resolved "https://registry.npm.taobao.org/signal-exit/download/signal-exit-3.0.3.tgz#a1410c2edd8f077b08b4e253c8eacfcaf057461c"
  integrity sha1-oUEMLt2PB3sItOJTyOrPyvBXRhw=

strip-final-newline@^2.0.0:
  version "2.0.0"
  resolved "https://registry.npm.taobao.org/strip-final-newline/download/strip-final-newline-2.0.0.tgz#89b852fb2fcbe936f6f4b3187afb0a12c1ab58ad"
  integrity sha1-ibhS+y/L6Tb29LMYevsKEsGrWK0=

which@^2.0.1:
  version "2.0.2"
  resolved "https://registry.npm.taobao.org/which/download/which-2.0.2.tgz#7c6a8dd0a636a0327e10b59c9286eee93f3f51b1"
  integrity sha1-fGqN0KY2oDJ+ELWckobu6T8/UbE=
  dependencies:
    isexe "^2.0.0"

wrappy@1:
  version "1.0.2"
  resolved "https://registry.npm.taobao.org/wrappy/download/wrappy-1.0.2.tgz#b5243d8f3ec1aa35f1364605bc0d1036e30ab69f"
  integrity sha1-tSQ9jz7BqjXxNkYFvA0QNuMKtp8=